Microsoft Visual Studio Solution File, Format Version 12.00
# Visual Studio Version 17
VisualStudioVersion = 17.13.35825.156
MinimumVisualStudioVersion = 10.0.40219.1
Project("{FAE04EC0-301F-11D3-BF4B-00C04F79EFBC}") = "Herramientas", "Herramientas\Herramientas.csproj", "{ED0802FE-3929-4BB6-9C75-1D036AF70E4D}"
EndProject
Global
	GlobalSection(SolutionConfigurationPlatforms) = preSolution
		Debug|Any CPU = Debug|Any CPU
		Release|Any CPU = Release|Any CPU
	EndGlobalSection
	GlobalSection(ProjectConfigurationPlatforms) = postSolution
		{ED0802FE-3929-4BB6-9C75-1D036AF70E4D}.Debug|Any CPU.ActiveCfg = Debug|Any CPU
		{ED0802FE-3929-4BB6-9C75-1D036AF70E4D}.Debug|Any CPU.Build.0 = Debug|Any CPU
		{ED0802FE-3929-4BB6-9C75-1D036AF70E4D}.Release|Any CPU.ActiveCfg = Release|Any CPU
		{ED0802FE-3929-4BB6-9C75-1D036AF70E4D}.Release|Any CPU.Build.0 = Release|Any CPU
	EndGlobalSection
	GlobalSection(SolutionProperties) = preSolution
		HideSolutionNode = FALSE
	EndGlobalSection
	GlobalSection(ExtensibilityGlobals) = postSolution
		SolutionGuid = {880AB044-FD8D-4996-928F-3ED007A6FAFB}
	EndGlobalSection
EndGlobal
